
Microsoft Visual Studio Solution File, Format Version 12.00
# Visual Studio Version 16
VisualStudioVersion = 16.0.31205.134
MinimumVisualStudioVersion = 10.0.40219.1
Project("{9A19103F-16F7-4668-BE54-9A1E7A4F7556}") = "TesteMazzaFC", "TesteMazzaFC\TesteMazzaFC.csproj", "{2EF4CF59-4040-4CC9-8D6F-F8842568342D}"
EndProject
Project("{9A19103F-16F7-4668-BE54-9A1E7A4F7556}") = "TesteMazzaAPI", "TesteMazzaAPI\TesteMazzaAPI.csproj", "{582E491A-CC11-4C76-8595-42BE7532F1D0}"
EndProject
Global
	GlobalSection(SolutionConfigurationPlatforms) = preSolution
		Debug|Any CPU = Debug|Any CPU
		Release|Any CPU = Release|Any CPU
	EndGlobalSection
	GlobalSection(ProjectConfigurationPlatforms) = postSolution
		{2EF4CF59-4040-4CC9-8D6F-F8842568342D}.Debug|Any CPU.ActiveCfg = Debug|Any CPU
		{2EF4CF59-4040-4CC9-8D6F-F8842568342D}.Debug|Any CPU.Build.0 = Debug|Any CPU
		{2EF4CF59-4040-4CC9-8D6F-F8842568342D}.Release|Any CPU.ActiveCfg = Release|Any CPU
		{2EF4CF59-4040-4CC9-8D6F-F8842568342D}.Release|Any CPU.Build.0 = Release|Any CPU
		{582E491A-CC11-4C76-8595-42BE7532F1D0}.Debug|Any CPU.ActiveCfg = Debug|Any CPU
		{582E491A-CC11-4C76-8595-42BE7532F1D0}.Debug|Any CPU.Build.0 = Debug|Any CPU
		{582E491A-CC11-4C76-8595-42BE7532F1D0}.Release|Any CPU.ActiveCfg = Release|Any CPU
		{582E491A-CC11-4C76-8595-42BE7532F1D0}.Release|Any CPU.Build.0 = Release|Any CPU
	EndGlobalSection
	GlobalSection(SolutionProperties) = preSolution
		HideSolutionNode = FALSE
	EndGlobalSection
	GlobalSection(ExtensibilityGlobals) = postSolution
		SolutionGuid = {938FB9F6-0CAE-4ED4-AA49-A554C83040BD}
	EndGlobalSection
EndGlobal
